<?xml version="1.0" encoding="utf-8"?>
<Project ToolsVersion="4.0" xmlns="http://schemas.microsoft.com/developer/msbuild/2003">
  <Import Project="dirs.props" />
  <ItemGroup>
    <Filter Include="source">
      <UniqueIdentifier>{39687cc3-0b9f-43c0-886b-7471156335ac}</UniqueIdentifier>
      <Extensions>
      </Extensions>
    </Filter>
  </ItemGroup>
  <ItemGroup>
    <Filter Include="header">
      <UniqueIdentifier>{1496a9cb-5262-4a62-90ce-fe6a34a6426b}</UniqueIdentifier>
      <Extensions>
      </Extensions>
    </Filter>
  </ItemGroup>
  <ItemGroup>
    <ClInclude Include="$(IncDir)artilist.h" Filter="header"/>
    <ClInclude Include="$(IncDir)attrib.h" Filter="header"/>
    <ClInclude Include="$(IncDir)botl.h" Filter="header"/>
    <ClInclude Include="$(IncDir)color.h" Filter="header"/>
    <ClInclude Include="$(IncDir)config.h" Filter="header"/>
    <ClInclude Include="$(IncDir)config1.h" Filter="header"/>
    <ClInclude Include="$(IncDir)context.h" Filter="header"/>
    <ClInclude Include="$(IncDir)coord.h" Filter="header"/>
    <ClInclude Include="$(IncDir)date.h" Filter="header"/>
    <ClInclude Include="$(IncDir)decl.h" Filter="header"/>
    <ClInclude Include="$(IncDir)display.h" Filter="header"/>
    <ClInclude Include="$(IncDir)dlb.h" Filter="header"/>
    <ClInclude Include="$(IncDir)dungeon.h" Filter="header"/>
    <ClInclude Include="$(IncDir)engrave.h" Filter="header"/>
    <ClInclude Include="$(IncDir)extern.h" Filter="header"/>
    <ClInclude Include="$(IncDir)flag.h" Filter="header"/>
    <ClInclude Include="$(IncDir)func_tab.h" Filter="header"/>
    <ClInclude Include="$(IncDir)global.h" Filter="header"/>
    <ClInclude Include="$(IncDir)hack.h" Filter="header"/>
    <ClInclude Include="$(IncDir)lev.h" Filter="header"/>
    <ClInclude Include="$(IncDir)mextra.h" Filter="header"/>
    <ClInclude Include="$(IncDir)mfndpos.h" Filter="header"/>
    <ClInclude Include="$(IncDir)mkroom.h" Filter="header"/>
    <ClInclude Include="$(IncDir)monattk.h" Filter="header"/>
    <ClInclude Include="$(IncDir)mondata.h" Filter="header"/>
    <ClInclude Include="$(IncDir)monflag.h" Filter="header"/>
    <ClInclude Include="$(IncDir)monst.h" Filter="header"/>
    <ClInclude Include="$(IncDir)monsym.h" Filter="header"/>
    <ClInclude Include="$(IncDir)ntconf.h" Filter="header"/>
    <ClInclude Include="$(IncDir)obj.h" Filter="header"/>
    <ClInclude Include="$(IncDir)objclass.h" Filter="header"/>
    <ClInclude Include="$(IncDir)onames.h" Filter="header"/>
    <ClInclude Include="$(IncDir)patchlevel.h" Filter="header"/>
    <ClInclude Include="$(IncDir)permonst.h" Filter="header"/>
    <ClInclude Include="$(IncDir)pm.h" Filter="header"/>
    <ClInclude Include="$(IncDir)prop.h" Filter="header"/>
    <ClInclude Include="$(IncDir)qtext.h" Filter="header"/>
    <ClInclude Include="$(IncDir)quest.h" Filter="header"/>
    <ClInclude Include="$(IncDir)rect.h" Filter="header"/>
    <ClInclude Include="$(IncDir)region.h" Filter="header"/>
    <ClInclude Include="$(IncDir)rm.h" Filter="header"/>
    <ClInclude Include="$(IncDir)skills.h" Filter="header"/>
    <ClInclude Include="$(IncDir)spell.h" Filter="header"/>
    <ClInclude Include="$(IncDir)sp_lev.h" Filter="header"/>
    <ClInclude Include="$(IncDir)timeout.h" Filter="header"/>
    <ClInclude Include="$(IncDir)tradstdc.h" Filter="header"/>
    <ClInclude Include="$(IncDir)trap.h" Filter="header"/>
    <ClInclude Include="$(IncDir)vision.h" Filter="header"/>
    <ClInclude Include="$(IncDir)winprocs.h" Filter="header"/>
    <ClInclude Include="$(IncDir)wintty.h" Filter="header"/>
    <ClInclude Include="$(IncDir)wintype.h" Filter="header"/>
    <ClInclude Include="$(IncDir)you.h" Filter="header"/>
    <ClInclude Include="$(IncDir)youprop.h" Filter="header"/>
    <ClInclude Include="$(WinWin32Dir)nhresource.h" Filter="header"/>
    <ClInclude Include="$(IncDir)align.h" Filter="header"/>
    <ClInclude Include="$(IncDir)artifact.h" Filter="header"/>
  </ItemGroup>
  <ItemGroup>
    <ClCompile Include="$(SrcDir)hacklib.c"  Filter="source"/>
    <ClCompile Include="$(SysWinntDir)nttty.c"  Filter="source"/>
    <ClCompile Include="$(SysWinntDir)winnt.c"  Filter="source"/>
    <ClCompile Include="$(WinTtyDir)getline.c"  Filter="source"/>
    <ClCompile Include="$(WinTtyDir)topl.c" Filter="source"/>
    <ClCompile Include="$(WinTtyDir)wintty.c" Filter="source"/>
    <ClCompile Include="$(WinWin32Dir)conhack.c" Filter="source"/>
  </ItemGroup>
  <ItemGroup>
    <ResourceCompile Include="$(WinWin32Dir)NetHack.rc" />
  </ItemGroup>
  <ItemGroup>
    <Image Include="$(WinWin32Dir)nethack.ico" />
  </ItemGroup>
</Project>