
Microsoft Visual Studio Solution File, Format Version 11.00
# Visual C++ Express 2010
Project("{8BC9CEB8-8B4A-11D0-8D11-00A0C91BC942}") = "NetHackW", "build\NetHackW.vcxproj", "{CEC5D360-8804-454F-8591-002184C23499}"
EndProject
Project("{8BC9CEB8-8B4A-11D0-8D11-00A0C91BC942}") = "dgncomp", "build\dgncomp.vcxproj", "{8A3F81C7-2968-49A8-86BF-2669412AD7DE}"
	ProjectSection(ProjectDependencies) = postProject
		{642BC75D-ABAF-403E-8224-7C725FD4CB42} = {642BC75D-ABAF-403E-8224-7C725FD4CB42}
	EndProjectSection
EndProject
Project("{8BC9CEB8-8B4A-11D0-8D11-00A0C91BC942}") = "dgnstuff", "build\dgnstuff.vcxproj", "{B9E02F2C-8851-442B-BF2A-3581802B78D4}"
	ProjectSection(ProjectDependencies) = postProject
		{FF144DFB-83A5-4D26-A598-715A2B354782} = {FF144DFB-83A5-4D26-A598-715A2B354782}
	EndProjectSection
EndProject
Project("{8BC9CEB8-8B4A-11D0-8D11-00A0C91BC942}") = "dlb_main", "build\dlb_main.vcxproj", "{0303A585-3F83-4BB7-AF6B-1E12C8FB54AC}"
EndProject
Project("{8BC9CEB8-8B4A-11D0-8D11-00A0C91BC942}") = "levcomp", "build\levcomp.vcxproj", "{9DD9C52E-E8C9-4533-BD22-83C055C0AABA}"
	ProjectSection(ProjectDependencies) = postProject
		{B9E02F2C-8851-442B-BF2A-3581802B78D4} = {B9E02F2C-8851-442B-BF2A-3581802B78D4}
	EndProjectSection
EndProject
Project("{8BC9CEB8-8B4A-11D0-8D11-00A0C91BC942}") = "levstuff", "build\levstuff.vcxproj", "{FF144DFB-83A5-4D26-A598-715A2B354782}"
EndProject
Project("{8BC9CEB8-8B4A-11D0-8D11-00A0C91BC942}") = "makedefs", "build\makedefs.vcxproj", "{BA3DD34C-04B7-40D0-B373-9329AA9E8945}"
EndProject
Project("{8BC9CEB8-8B4A-11D0-8D11-00A0C91BC942}") = "recover", "build\recover.vcxproj", "{2F35F228-6733-4FE5-9B46-B3AA10D4BC2E}"
EndProject
Project("{8BC9CEB8-8B4A-11D0-8D11-00A0C91BC942}") = "tile2bmp", "build\tile2bmp.vcxproj", "{642BC75D-ABAF-403E-8224-7C725FD4CB42}"
	ProjectSection(ProjectDependencies) = postProject
		{9DD9C52E-E8C9-4533-BD22-83C055C0AABA} = {9DD9C52E-E8C9-4533-BD22-83C055C0AABA}
	EndProjectSection
EndProject
Project("{8BC9CEB8-8B4A-11D0-8D11-00A0C91BC942}") = "tilemap", "build\tilemap.vcxproj", "{93F10526-209E-41D7-BBEA-775787876895}"
	ProjectSection(ProjectDependencies) = postProject
		{8A3F81C7-2968-49A8-86BF-2669412AD7DE} = {8A3F81C7-2968-49A8-86BF-2669412AD7DE}
	EndProjectSection
EndProject
Project("{8BC9CEB8-8B4A-11D0-8D11-00A0C91BC942}") = "tiles", "build\tiles.vcxproj", "{55946465-FC65-47B3-BB48-742C7694C0D6}"
	ProjectSection(ProjectDependencies) = postProject
		{93F10526-209E-41D7-BBEA-775787876895} = {93F10526-209E-41D7-BBEA-775787876895}
	EndProjectSection
EndProject
Project("{8BC9CEB8-8B4A-11D0-8D11-00A0C91BC942}") = "uudecode", "build\uudecode.vcxproj", "{63F9B82B-F589-4082-ABE5-D4F0682050AB}"
	ProjectSection(ProjectDependencies) = postProject
		{BA3DD34C-04B7-40D0-B373-9329AA9E8945} = {BA3DD34C-04B7-40D0-B373-9329AA9E8945}
	EndProjectSection
EndProject
Global
	GlobalSection(SolutionConfigurationPlatforms) = preSolution
		Debug|Win32 = Debug|Win32
		Debug|x64 = Debug|x64
		Release|Win32 = Release|Win32
		Release|x64 = Release|x64
	EndGlobalSection
	GlobalSection(ProjectConfigurationPlatforms) = postSolution
		{CEC5D360-8804-454F-8591-002184C23499}.Debug|Win32.ActiveCfg = Debug|Win32
		{CEC5D360-8804-454F-8591-002184C23499}.Debug|Win32.Build.0 = Debug|Win32
		{CEC5D360-8804-454F-8591-002184C23499}.Debug|x64.ActiveCfg = Debug|x64
		{CEC5D360-8804-454F-8591-002184C23499}.Debug|x64.Build.0 = Debug|x64
		{CEC5D360-8804-454F-8591-002184C23499}.Release|Win32.ActiveCfg = Release|Win32
		{CEC5D360-8804-454F-8591-002184C23499}.Release|Win32.Build.0 = Release|Win32
		{CEC5D360-8804-454F-8591-002184C23499}.Release|x64.ActiveCfg = Release|x64
		{CEC5D360-8804-454F-8591-002184C23499}.Release|x64.Build.0 = Release|x64
		{8A3F81C7-2968-49A8-86BF-2669412AD7DE}.Debug|Win32.ActiveCfg = Debug|Win32
		{8A3F81C7-2968-49A8-86BF-2669412AD7DE}.Debug|Win32.Build.0 = Debug|Win32
		{8A3F81C7-2968-49A8-86BF-2669412AD7DE}.Debug|x64.ActiveCfg = Debug|x64
		{8A3F81C7-2968-49A8-86BF-2669412AD7DE}.Debug|x64.Build.0 = Debug|x64
		{8A3F81C7-2968-49A8-86BF-2669412AD7DE}.Release|Win32.ActiveCfg = Release|Win32
		{8A3F81C7-2968-49A8-86BF-2669412AD7DE}.Release|Win32.Build.0 = Release|Win32
		{8A3F81C7-2968-49A8-86BF-2669412AD7DE}.Release|x64.ActiveCfg = Release|x64
		{8A3F81C7-2968-49A8-86BF-2669412AD7DE}.Release|x64.Build.0 = Release|x64
		{B9E02F2C-8851-442B-BF2A-3581802B78D4}.Debug|Win32.ActiveCfg = Debug|Win32
		{B9E02F2C-8851-442B-BF2A-3581802B78D4}.Debug|Win32.Build.0 = Debug|Win32
		{B9E02F2C-8851-442B-BF2A-3581802B78D4}.Debug|x64.ActiveCfg = Debug|x64
		{B9E02F2C-8851-442B-BF2A-3581802B78D4}.Debug|x64.Build.0 = Debug|x64
		{B9E02F2C-8851-442B-BF2A-3581802B78D4}.Release|Win32.ActiveCfg = Release|Win32
		{B9E02F2C-8851-442B-BF2A-3581802B78D4}.Release|Win32.Build.0 = Release|Win32
		{B9E02F2C-8851-442B-BF2A-3581802B78D4}.Release|x64.ActiveCfg = Release|x64
		{B9E02F2C-8851-442B-BF2A-3581802B78D4}.Release|x64.Build.0 = Release|x64
		{0303A585-3F83-4BB7-AF6B-1E12C8FB54AC}.Debug|Win32.ActiveCfg = Debug|Win32
		{0303A585-3F83-4BB7-AF6B-1E12C8FB54AC}.Debug|Win32.Build.0 = Debug|Win32
		{0303A585-3F83-4BB7-AF6B-1E12C8FB54AC}.Debug|x64.ActiveCfg = Debug|x64
		{0303A585-3F83-4BB7-AF6B-1E12C8FB54AC}.Debug|x64.Build.0 = Debug|x64
		{0303A585-3F83-4BB7-AF6B-1E12C8FB54AC}.Release|Win32.ActiveCfg = Release|Win32
		{0303A585-3F83-4BB7-AF6B-1E12C8FB54AC}.Release|Win32.Build.0 = Release|Win32
		{0303A585-3F83-4BB7-AF6B-1E12C8FB54AC}.Release|x64.ActiveCfg = Release|x64
		{0303A585-3F83-4BB7-AF6B-1E12C8FB54AC}.Release|x64.Build.0 = Release|x64
		{9DD9C52E-E8C9-4533-BD22-83C055C0AABA}.Debug|Win32.ActiveCfg = Debug|Win32
		{9DD9C52E-E8C9-4533-BD22-83C055C0AABA}.Debug|Win32.Build.0 = Debug|Win32
		{9DD9C52E-E8C9-4533-BD22-83C055C0AABA}.Debug|x64.ActiveCfg = Debug|x64
		{9DD9C52E-E8C9-4533-BD22-83C055C0AABA}.Debug|x64.Build.0 = Debug|x64
		{9DD9C52E-E8C9-4533-BD22-83C055C0AABA}.Release|Win32.ActiveCfg = Release|Win32
		{9DD9C52E-E8C9-4533-BD22-83C055C0AABA}.Release|Win32.Build.0 = Release|Win32
		{9DD9C52E-E8C9-4533-BD22-83C055C0AABA}.Release|x64.ActiveCfg = Release|x64
		{9DD9C52E-E8C9-4533-BD22-83C055C0AABA}.Release|x64.Build.0 = Release|x64
		{FF144DFB-83A5-4D26-A598-715A2B354782}.Debug|Win32.ActiveCfg = Debug|Win32
		{FF144DFB-83A5-4D26-A598-715A2B354782}.Debug|Win32.Build.0 = Debug|Win32
		{FF144DFB-83A5-4D26-A598-715A2B354782}.Debug|x64.ActiveCfg = Debug|x64
		{FF144DFB-83A5-4D26-A598-715A2B354782}.Debug|x64.Build.0 = Debug|x64
		{FF144DFB-83A5-4D26-A598-715A2B354782}.Release|Win32.ActiveCfg = Release|Win32
		{FF144DFB-83A5-4D26-A598-715A2B354782}.Release|Win32.Build.0 = Release|Win32
		{FF144DFB-83A5-4D26-A598-715A2B354782}.Release|x64.ActiveCfg = Release|x64
		{FF144DFB-83A5-4D26-A598-715A2B354782}.Release|x64.Build.0 = Release|x64
		{BA3DD34C-04B7-40D0-B373-9329AA9E8945}.Debug|Win32.ActiveCfg = Debug|Win32
		{BA3DD34C-04B7-40D0-B373-9329AA9E8945}.Debug|Win32.Build.0 = Debug|Win32
		{BA3DD34C-04B7-40D0-B373-9329AA9E8945}.Debug|x64.ActiveCfg = Debug|x64
		{BA3DD34C-04B7-40D0-B373-9329AA9E8945}.Debug|x64.Build.0 = Debug|x64
		{BA3DD34C-04B7-40D0-B373-9329AA9E8945}.Release|Win32.ActiveCfg = Release|Win32
		{BA3DD34C-04B7-40D0-B373-9329AA9E8945}.Release|Win32.Build.0 = Release|Win32
		{BA3DD34C-04B7-40D0-B373-9329AA9E8945}.Release|x64.ActiveCfg = Release|x64
		{BA3DD34C-04B7-40D0-B373-9329AA9E8945}.Release|x64.Build.0 = Release|x64
		{2F35F228-6733-4FE5-9B46-B3AA10D4BC2E}.Debug|Win32.ActiveCfg = Debug|Win32
		{2F35F228-6733-4FE5-9B46-B3AA10D4BC2E}.Debug|Win32.Build.0 = Debug|Win32
		{2F35F228-6733-4FE5-9B46-B3AA10D4BC2E}.Debug|x64.ActiveCfg = Debug|x64
		{2F35F228-6733-4FE5-9B46-B3AA10D4BC2E}.Debug|x64.Build.0 = Debug|x64
		{2F35F228-6733-4FE5-9B46-B3AA10D4BC2E}.Release|Win32.ActiveCfg = Release|Win32
		{2F35F228-6733-4FE5-9B46-B3AA10D4BC2E}.Release|Win32.Build.0 = Release|Win32
		{2F35F228-6733-4FE5-9B46-B3AA10D4BC2E}.Release|x64.ActiveCfg = Release|x64
		{2F35F228-6733-4FE5-9B46-B3AA10D4BC2E}.Release|x64.Build.0 = Release|x64
		{642BC75D-ABAF-403E-8224-7C725FD4CB42}.Debug|Win32.ActiveCfg = Debug|Win32
		{642BC75D-ABAF-403E-8224-7C725FD4CB42}.Debug|Win32.Build.0 = Debug|Win32
		{642BC75D-ABAF-403E-8224-7C725FD4CB42}.Debug|x64.ActiveCfg = Debug|x64
		{642BC75D-ABAF-403E-8224-7C725FD4CB42}.Debug|x64.Build.0 = Debug|x64
		{642BC75D-ABAF-403E-8224-7C725FD4CB42}.Release|Win32.ActiveCfg = Release|Win32
		{642BC75D-ABAF-403E-8224-7C725FD4CB42}.Release|Win32.Build.0 = Release|Win32
		{642BC75D-ABAF-403E-8224-7C725FD4CB42}.Release|x64.ActiveCfg = Release|x64
		{642BC75D-ABAF-403E-8224-7C725FD4CB42}.Release|x64.Build.0 = Release|x64
		{93F10526-209E-41D7-BBEA-775787876895}.Debug|Win32.ActiveCfg = Debug|Win32
		{93F10526-209E-41D7-BBEA-775787876895}.Debug|Win32.Build.0 = Debug|Win32
		{93F10526-209E-41D7-BBEA-775787876895}.Debug|x64.ActiveCfg = Debug|x64
		{93F10526-209E-41D7-BBEA-775787876895}.Debug|x64.Build.0 = Debug|x64
		{93F10526-209E-41D7-BBEA-775787876895}.Release|Win32.ActiveCfg = Release|Win32
		{93F10526-209E-41D7-BBEA-775787876895}.Release|Win32.Build.0 = Release|Win32
		{93F10526-209E-41D7-BBEA-775787876895}.Release|x64.ActiveCfg = Release|x64
		{93F10526-209E-41D7-BBEA-775787876895}.Release|x64.Build.0 = Release|x64
		{55946465-FC65-47B3-BB48-742C7694C0D6}.Debug|Win32.ActiveCfg = Debug|Win32
		{55946465-FC65-47B3-BB48-742C7694C0D6}.Debug|Win32.Build.0 = Debug|Win32
		{55946465-FC65-47B3-BB48-742C7694C0D6}.Debug|x64.ActiveCfg = Debug|x64
		{55946465-FC65-47B3-BB48-742C7694C0D6}.Debug|x64.Build.0 = Debug|x64
		{55946465-FC65-47B3-BB48-742C7694C0D6}.Release|Win32.ActiveCfg = Release|Win32
		{55946465-FC65-47B3-BB48-742C7694C0D6}.Release|Win32.Build.0 = Release|Win32
		{55946465-FC65-47B3-BB48-742C7694C0D6}.Release|x64.ActiveCfg = Release|x64
		{55946465-FC65-47B3-BB48-742C7694C0D6}.Release|x64.Build.0 = Release|x64
		{63F9B82B-F589-4082-ABE5-D4F0682050AB}.Debug|Win32.ActiveCfg = Debug|Win32
		{63F9B82B-F589-4082-ABE5-D4F0682050AB}.Debug|Win32.Build.0 = Debug|Win32
		{63F9B82B-F589-4082-ABE5-D4F0682050AB}.Debug|x64.ActiveCfg = Debug|x64
		{63F9B82B-F589-4082-ABE5-D4F0682050AB}.Debug|x64.Build.0 = Debug|x64
		{63F9B82B-F589-4082-ABE5-D4F0682050AB}.Release|Win32.ActiveCfg = Release|Win32
		{63F9B82B-F589-4082-ABE5-D4F0682050AB}.Release|Win32.Build.0 = Release|Win32
		{63F9B82B-F589-4082-ABE5-D4F0682050AB}.Release|x64.ActiveCfg = Release|x64
		{63F9B82B-F589-4082-ABE5-D4F0682050AB}.Release|x64.Build.0 = Release|x64
	EndGlobalSection
	GlobalSection(SolutionProperties) = preSolution
		HideSolutionNode = FALSE
	EndGlobalSection
EndGlobal
