
Microsoft Visual Studio Solution File, Format Version 12.00
# Visual Studio 14
VisualStudioVersion = 14.0.25420.1
MinimumVisualStudioVersion = 10.0.40219.1
Project("{8BC9CEB8-8B4A-11D0-8D11-00A0C91BC942}") = "NetHackW", "NetHackW.vcxproj", "{CEC5D360-8804-454F-8591-002184C23499}"
	ProjectSection(ProjectDependencies) = postProject
		{93F10526-209E-41D7-BBEA-775787876895} = {93F10526-209E-41D7-BBEA-775787876895}
		{63F9B82B-F589-4082-ABE5-D4F0682050AB} = {63F9B82B-F589-4082-ABE5-D4F0682050AB}
		{9DD9C52E-E8C9-4533-BD22-83C055C0AABA} = {9DD9C52E-E8C9-4533-BD22-83C055C0AABA}
		{BA3DD34C-04B7-40D0-B373-9329AA9E8945} = {BA3DD34C-04B7-40D0-B373-9329AA9E8945}
		{642BC75D-ABAF-403E-8224-7C725FD4CB42} = {642BC75D-ABAF-403E-8224-7C725FD4CB42}
		{6813477F-64B6-4B97-B230-438D0D233385} = {6813477F-64B6-4B97-B230-438D0D233385}
		{0303A585-3F83-4BB7-AF6B-1E12C8FB54AC} = {0303A585-3F83-4BB7-AF6B-1E12C8FB54AC}
		{8A3F81C7-2968-49A8-86BF-2669412AD7DE} = {8A3F81C7-2968-49A8-86BF-2669412AD7DE}
	EndProjectSection
EndProject
Project("{8BC9CEB8-8B4A-11D0-8D11-00A0C91BC942}") = "dgncomp", "dgncomp.vcxproj", "{8A3F81C7-2968-49A8-86BF-2669412AD7DE}"
	ProjectSection(ProjectDependencies) = postProject
		{642BC75D-ABAF-403E-8224-7C725FD4CB42} = {642BC75D-ABAF-403E-8224-7C725FD4CB42}
	EndProjectSection
EndProject
Project("{8BC9CEB8-8B4A-11D0-8D11-00A0C91BC942}") = "dlb", "dlb.vcxproj", "{0303A585-3F83-4BB7-AF6B-1E12C8FB54AC}"
	ProjectSection(ProjectDependencies) = postProject
		{63F9B82B-F589-4082-ABE5-D4F0682050AB} = {63F9B82B-F589-4082-ABE5-D4F0682050AB}
		{9DD9C52E-E8C9-4533-BD22-83C055C0AABA} = {9DD9C52E-E8C9-4533-BD22-83C055C0AABA}
		{BA3DD34C-04B7-40D0-B373-9329AA9E8945} = {BA3DD34C-04B7-40D0-B373-9329AA9E8945}
		{8A3F81C7-2968-49A8-86BF-2669412AD7DE} = {8A3F81C7-2968-49A8-86BF-2669412AD7DE}
	EndProjectSection
EndProject
Project("{8BC9CEB8-8B4A-11D0-8D11-00A0C91BC942}") = "levcomp", "levcomp.vcxproj", "{9DD9C52E-E8C9-4533-BD22-83C055C0AABA}"
	ProjectSection(ProjectDependencies) = postProject
		{BA3DD34C-04B7-40D0-B373-9329AA9E8945} = {BA3DD34C-04B7-40D0-B373-9329AA9E8945}
	EndProjectSection
EndProject
Project("{8BC9CEB8-8B4A-11D0-8D11-00A0C91BC942}") = "makedefs", "makedefs.vcxproj", "{BA3DD34C-04B7-40D0-B373-9329AA9E8945}"
EndProject
Project("{8BC9CEB8-8B4A-11D0-8D11-00A0C91BC942}") = "recover", "recover.vcxproj", "{2F35F228-6733-4FE5-9B46-B3AA10D4BC2E}"
EndProject
Project("{8BC9CEB8-8B4A-11D0-8D11-00A0C91BC942}") = "tile2bmp", "tile2bmp.vcxproj", "{642BC75D-ABAF-403E-8224-7C725FD4CB42}"
	ProjectSection(ProjectDependencies) = postProject
		{9DD9C52E-E8C9-4533-BD22-83C055C0AABA} = {9DD9C52E-E8C9-4533-BD22-83C055C0AABA}
		{BA3DD34C-04B7-40D0-B373-9329AA9E8945} = {BA3DD34C-04B7-40D0-B373-9329AA9E8945}
	EndProjectSection
EndProject
Project("{8BC9CEB8-8B4A-11D0-8D11-00A0C91BC942}") = "tilemap", "tilemap.vcxproj", "{93F10526-209E-41D7-BBEA-775787876895}"
	ProjectSection(ProjectDependencies) = postProject
		{8A3F81C7-2968-49A8-86BF-2669412AD7DE} = {8A3F81C7-2968-49A8-86BF-2669412AD7DE}
	EndProjectSection
EndProject
Project("{8BC9CEB8-8B4A-11D0-8D11-00A0C91BC942}") = "uudecode", "uudecode.vcxproj", "{63F9B82B-F589-4082-ABE5-D4F0682050AB}"
	ProjectSection(ProjectDependencies) = postProject
		{BA3DD34C-04B7-40D0-B373-9329AA9E8945} = {BA3DD34C-04B7-40D0-B373-9329AA9E8945}
	EndProjectSection
EndProject
Project("{8BC9CEB8-8B4A-11D0-8D11-00A0C91BC942}") = "NetHack", "NetHack.vcxproj", "{609BC774-C6F8-4B2B-AA7D-5B3D0EA95751}"
	ProjectSection(ProjectDependencies) = postProject
		{63F9B82B-F589-4082-ABE5-D4F0682050AB} = {63F9B82B-F589-4082-ABE5-D4F0682050AB}
		{9DD9C52E-E8C9-4533-BD22-83C055C0AABA} = {9DD9C52E-E8C9-4533-BD22-83C055C0AABA}
		{BA3DD34C-04B7-40D0-B373-9329AA9E8945} = {BA3DD34C-04B7-40D0-B373-9329AA9E8945}
		{6813477F-64B6-4B97-B230-438D0D233385} = {6813477F-64B6-4B97-B230-438D0D233385}
		{0303A585-3F83-4BB7-AF6B-1E12C8FB54AC} = {0303A585-3F83-4BB7-AF6B-1E12C8FB54AC}
		{8A3F81C7-2968-49A8-86BF-2669412AD7DE} = {8A3F81C7-2968-49A8-86BF-2669412AD7DE}
	EndProjectSection
EndProject
Project("{8BC9CEB8-8B4A-11D0-8D11-00A0C91BC942}") = "nhdefkey", "nhdefkey.vcxproj", "{6813477F-64B6-4B97-B230-438D0D233385}"
	ProjectSection(ProjectDependencies) = postProject
		{BA3DD34C-04B7-40D0-B373-9329AA9E8945} = {BA3DD34C-04B7-40D0-B373-9329AA9E8945}
	EndProjectSection
EndProject
Project("{8BC9CEB8-8B4A-11D0-8D11-00A0C91BC942}") = "nh340key", "nh340key.vcxproj", "{BE04E242-A1E9-4593-B95B-057F37330B76}"
	ProjectSection(ProjectDependencies) = postProject
		{BA3DD34C-04B7-40D0-B373-9329AA9E8945} = {BA3DD34C-04B7-40D0-B373-9329AA9E8945}
	EndProjectSection
EndProject
Project("{8BC9CEB8-8B4A-11D0-8D11-00A0C91BC942}") = "nhraykey", "nhraykey.vcxproj", "{2E1F4BB3-3BD7-43AD-8E64-D3B8A2F5D7B2}"
	ProjectSection(ProjectDependencies) = postProject
		{BA3DD34C-04B7-40D0-B373-9329AA9E8945} = {BA3DD34C-04B7-40D0-B373-9329AA9E8945}
	EndProjectSection
EndProject
Global
	GlobalSection(SolutionConfigurationPlatforms) = preSolution
		Debug|Win32 = Debug|Win32
		Debug|x64 = Debug|x64
		Release|Win32 = Release|Win32
		Release|x64 = Release|x64
	EndGlobalSection
	GlobalSection(ProjectConfigurationPlatforms) = postSolution
		{CEC5D360-8804-454F-8591-002184C23499}.Debug|Win32.ActiveCfg = Debug|Win32
		{CEC5D360-8804-454F-8591-002184C23499}.Debug|Win32.Build.0 = Debug|Win32
		{CEC5D360-8804-454F-8591-002184C23499}.Debug|x64.ActiveCfg = Debug|x64
		{CEC5D360-8804-454F-8591-002184C23499}.Debug|x64.Build.0 = Debug|x64
		{CEC5D360-8804-454F-8591-002184C23499}.Release|Win32.ActiveCfg = Release|Win32
		{CEC5D360-8804-454F-8591-002184C23499}.Release|Win32.Build.0 = Release|Win32
		{CEC5D360-8804-454F-8591-002184C23499}.Release|x64.ActiveCfg = Release|x64
		{CEC5D360-8804-454F-8591-002184C23499}.Release|x64.Build.0 = Release|x64
		{8A3F81C7-2968-49A8-86BF-2669412AD7DE}.Debug|Win32.ActiveCfg = Debug|Win32
		{8A3F81C7-2968-49A8-86BF-2669412AD7DE}.Debug|Win32.Build.0 = Debug|Win32
		{8A3F81C7-2968-49A8-86BF-2669412AD7DE}.Debug|x64.ActiveCfg = Debug|x64
		{8A3F81C7-2968-49A8-86BF-2669412AD7DE}.Debug|x64.Build.0 = Debug|x64
		{8A3F81C7-2968-49A8-86BF-2669412AD7DE}.Release|Win32.ActiveCfg = Release|Win32
		{8A3F81C7-2968-49A8-86BF-2669412AD7DE}.Release|Win32.Build.0 = Release|Win32
		{8A3F81C7-2968-49A8-86BF-2669412AD7DE}.Release|x64.ActiveCfg = Release|x64
		{8A3F81C7-2968-49A8-86BF-2669412AD7DE}.Release|x64.Build.0 = Release|x64
		{0303A585-3F83-4BB7-AF6B-1E12C8FB54AC}.Debug|Win32.ActiveCfg = Debug|Win32
		{0303A585-3F83-4BB7-AF6B-1E12C8FB54AC}.Debug|Win32.Build.0 = Debug|Win32
		{0303A585-3F83-4BB7-AF6B-1E12C8FB54AC}.Debug|x64.ActiveCfg = Debug|x64
		{0303A585-3F83-4BB7-AF6B-1E12C8FB54AC}.Debug|x64.Build.0 = Debug|x64
		{0303A585-3F83-4BB7-AF6B-1E12C8FB54AC}.Release|Win32.ActiveCfg = Release|Win32
		{0303A585-3F83-4BB7-AF6B-1E12C8FB54AC}.Release|Win32.Build.0 = Release|Win32
		{0303A585-3F83-4BB7-AF6B-1E12C8FB54AC}.Release|x64.ActiveCfg = Release|x64
		{0303A585-3F83-4BB7-AF6B-1E12C8FB54AC}.Release|x64.Build.0 = Release|x64
		{9DD9C52E-E8C9-4533-BD22-83C055C0AABA}.Debug|Win32.ActiveCfg = Debug|Win32
		{9DD9C52E-E8C9-4533-BD22-83C055C0AABA}.Debug|Win32.Build.0 = Debug|Win32
		{9DD9C52E-E8C9-4533-BD22-83C055C0AABA}.Debug|x64.ActiveCfg = Debug|x64
		{9DD9C52E-E8C9-4533-BD22-83C055C0AABA}.Debug|x64.Build.0 = Debug|x64
		{9DD9C52E-E8C9-4533-BD22-83C055C0AABA}.Release|Win32.ActiveCfg = Release|Win32
		{9DD9C52E-E8C9-4533-BD22-83C055C0AABA}.Release|Win32.Build.0 = Release|Win32
		{9DD9C52E-E8C9-4533-BD22-83C055C0AABA}.Release|x64.ActiveCfg = Release|x64
		{9DD9C52E-E8C9-4533-BD22-83C055C0AABA}.Release|x64.Build.0 = Release|x64
		{BA3DD34C-04B7-40D0-B373-9329AA9E8945}.Debug|Win32.ActiveCfg = Debug|Win32
		{BA3DD34C-04B7-40D0-B373-9329AA9E8945}.Debug|Win32.Build.0 = Debug|Win32
		{BA3DD34C-04B7-40D0-B373-9329AA9E8945}.Debug|x64.ActiveCfg = Debug|x64
		{BA3DD34C-04B7-40D0-B373-9329AA9E8945}.Debug|x64.Build.0 = Debug|x64
		{BA3DD34C-04B7-40D0-B373-9329AA9E8945}.Release|Win32.ActiveCfg = Release|Win32
		{BA3DD34C-04B7-40D0-B373-9329AA9E8945}.Release|Win32.Build.0 = Release|Win32
		{BA3DD34C-04B7-40D0-B373-9329AA9E8945}.Release|x64.ActiveCfg = Release|x64
		{BA3DD34C-04B7-40D0-B373-9329AA9E8945}.Release|x64.Build.0 = Release|x64
		{2F35F228-6733-4FE5-9B46-B3AA10D4BC2E}.Debug|Win32.ActiveCfg = Debug|Win32
		{2F35F228-6733-4FE5-9B46-B3AA10D4BC2E}.Debug|Win32.Build.0 = Debug|Win32
		{2F35F228-6733-4FE5-9B46-B3AA10D4BC2E}.Debug|x64.ActiveCfg = Debug|x64
		{2F35F228-6733-4FE5-9B46-B3AA10D4BC2E}.Debug|x64.Build.0 = Debug|x64
		{2F35F228-6733-4FE5-9B46-B3AA10D4BC2E}.Release|Win32.ActiveCfg = Release|Win32
		{2F35F228-6733-4FE5-9B46-B3AA10D4BC2E}.Release|Win32.Build.0 = Release|Win32
		{2F35F228-6733-4FE5-9B46-B3AA10D4BC2E}.Release|x64.ActiveCfg = Release|x64
		{2F35F228-6733-4FE5-9B46-B3AA10D4BC2E}.Release|x64.Build.0 = Release|x64
		{642BC75D-ABAF-403E-8224-7C725FD4CB42}.Debug|Win32.ActiveCfg = Debug|Win32
		{642BC75D-ABAF-403E-8224-7C725FD4CB42}.Debug|Win32.Build.0 = Debug|Win32
		{642BC75D-ABAF-403E-8224-7C725FD4CB42}.Debug|x64.ActiveCfg = Debug|x64
		{642BC75D-ABAF-403E-8224-7C725FD4CB42}.Debug|x64.Build.0 = Debug|x64
		{642BC75D-ABAF-403E-8224-7C725FD4CB42}.Release|Win32.ActiveCfg = Release|Win32
		{642BC75D-ABAF-403E-8224-7C725FD4CB42}.Release|Win32.Build.0 = Release|Win32
		{642BC75D-ABAF-403E-8224-7C725FD4CB42}.Release|x64.ActiveCfg = Release|x64
		{642BC75D-ABAF-403E-8224-7C725FD4CB42}.Release|x64.Build.0 = Release|x64
		{93F10526-209E-41D7-BBEA-775787876895}.Debug|Win32.ActiveCfg = Debug|Win32
		{93F10526-209E-41D7-BBEA-775787876895}.Debug|Win32.Build.0 = Debug|Win32
		{93F10526-209E-41D7-BBEA-775787876895}.Debug|x64.ActiveCfg = Debug|x64
		{93F10526-209E-41D7-BBEA-775787876895}.Debug|x64.Build.0 = Debug|x64
		{93F10526-209E-41D7-BBEA-775787876895}.Release|Win32.ActiveCfg = Release|Win32
		{93F10526-209E-41D7-BBEA-775787876895}.Release|Win32.Build.0 = Release|Win32
		{93F10526-209E-41D7-BBEA-775787876895}.Release|x64.ActiveCfg = Release|x64
		{93F10526-209E-41D7-BBEA-775787876895}.Release|x64.Build.0 = Release|x64
		{63F9B82B-F589-4082-ABE5-D4F0682050AB}.Debug|Win32.ActiveCfg = Debug|Win32
		{63F9B82B-F589-4082-ABE5-D4F0682050AB}.Debug|Win32.Build.0 = Debug|Win32
		{63F9B82B-F589-4082-ABE5-D4F0682050AB}.Debug|x64.ActiveCfg = Debug|x64
		{63F9B82B-F589-4082-ABE5-D4F0682050AB}.Debug|x64.Build.0 = Debug|x64
		{63F9B82B-F589-4082-ABE5-D4F0682050AB}.Release|Win32.ActiveCfg = Release|Win32
		{63F9B82B-F589-4082-ABE5-D4F0682050AB}.Release|Win32.Build.0 = Release|Win32
		{63F9B82B-F589-4082-ABE5-D4F0682050AB}.Release|x64.ActiveCfg = Release|x64
		{63F9B82B-F589-4082-ABE5-D4F0682050AB}.Release|x64.Build.0 = Release|x64
		{609BC774-C6F8-4B2B-AA7D-5B3D0EA95751}.Debug|Win32.ActiveCfg = Debug|Win32
		{609BC774-C6F8-4B2B-AA7D-5B3D0EA95751}.Debug|Win32.Build.0 = Debug|Win32
		{609BC774-C6F8-4B2B-AA7D-5B3D0EA95751}.Debug|x64.ActiveCfg = Debug|x64
		{609BC774-C6F8-4B2B-AA7D-5B3D0EA95751}.Debug|x64.Build.0 = Debug|x64
		{609BC774-C6F8-4B2B-AA7D-5B3D0EA95751}.Release|Win32.ActiveCfg = Release|Win32
		{609BC774-C6F8-4B2B-AA7D-5B3D0EA95751}.Release|Win32.Build.0 = Release|Win32
		{609BC774-C6F8-4B2B-AA7D-5B3D0EA95751}.Release|x64.ActiveCfg = Release|x64
		{609BC774-C6F8-4B2B-AA7D-5B3D0EA95751}.Release|x64.Build.0 = Release|x64
		{6813477F-64B6-4B97-B230-438D0D233385}.Debug|Win32.ActiveCfg = Debug|Win32
		{6813477F-64B6-4B97-B230-438D0D233385}.Debug|Win32.Build.0 = Debug|Win32
		{6813477F-64B6-4B97-B230-438D0D233385}.Debug|x64.ActiveCfg = Debug|x64
		{6813477F-64B6-4B97-B230-438D0D233385}.Debug|x64.Build.0 = Debug|x64
		{6813477F-64B6-4B97-B230-438D0D233385}.Release|Win32.ActiveCfg = Release|Win32
		{6813477F-64B6-4B97-B230-438D0D233385}.Release|Win32.Build.0 = Release|Win32
		{6813477F-64B6-4B97-B230-438D0D233385}.Release|x64.ActiveCfg = Release|x64
		{6813477F-64B6-4B97-B230-438D0D233385}.Release|x64.Build.0 = Release|x64
		{BE04E242-A1E9-4593-B95B-057F37330B76}.Debug|Win32.ActiveCfg = Debug|Win32
		{BE04E242-A1E9-4593-B95B-057F37330B76}.Debug|Win32.Build.0 = Debug|Win32
		{BE04E242-A1E9-4593-B95B-057F37330B76}.Debug|x64.ActiveCfg = Debug|x64
		{BE04E242-A1E9-4593-B95B-057F37330B76}.Debug|x64.Build.0 = Debug|x64
		{BE04E242-A1E9-4593-B95B-057F37330B76}.Release|Win32.ActiveCfg = Release|Win32
		{BE04E242-A1E9-4593-B95B-057F37330B76}.Release|Win32.Build.0 = Release|Win32
		{BE04E242-A1E9-4593-B95B-057F37330B76}.Release|x64.ActiveCfg = Release|x64
		{BE04E242-A1E9-4593-B95B-057F37330B76}.Release|x64.Build.0 = Release|x64
		{2E1F4BB3-3BD7-43AD-8E64-D3B8A2F5D7B2}.Debug|Win32.ActiveCfg = Debug|Win32
		{2E1F4BB3-3BD7-43AD-8E64-D3B8A2F5D7B2}.Debug|Win32.Build.0 = Debug|Win32
		{2E1F4BB3-3BD7-43AD-8E64-D3B8A2F5D7B2}.Debug|x64.ActiveCfg = Debug|x64
		{2E1F4BB3-3BD7-43AD-8E64-D3B8A2F5D7B2}.Debug|x64.Build.0 = Debug|x64
		{2E1F4BB3-3BD7-43AD-8E64-D3B8A2F5D7B2}.Release|Win32.ActiveCfg = Release|Win32
		{2E1F4BB3-3BD7-43AD-8E64-D3B8A2F5D7B2}.Release|Win32.Build.0 = Release|Win32
		{2E1F4BB3-3BD7-43AD-8E64-D3B8A2F5D7B2}.Release|x64.ActiveCfg = Release|x64
		{2E1F4BB3-3BD7-43AD-8E64-D3B8A2F5D7B2}.Release|x64.Build.0 = Release|x64
	EndGlobalSection
	GlobalSection(SolutionProperties) = preSolution
		HideSolutionNode = FALSE
	EndGlobalSection
EndGlobal
