
Microsoft Visual Studio Solution File, Format Version 12.00
# Visual Studio Version 17
VisualStudioVersion = 17.0.31903.59
MinimumVisualStudioVersion = 10.0.40219.1
Project("{8BC9CEB8-8B4A-11D0-8D11-00A0C91BC942}") = "NetHackW", "NetHackW\NetHackW.vcxproj", "{CEC5D360-8804-454F-8591-002184C23499}"
	ProjectSection(ProjectDependencies) = postProject
		{93F10526-209E-41D7-BBEA-775787876895} = {93F10526-209E-41D7-BBEA-775787876895}
		{63F9B82B-F589-4082-ABE5-D4F0682050AB} = {63F9B82B-F589-4082-ABE5-D4F0682050AB}
		{BA3DD34C-04B7-40D0-B373-9329AA9E8945} = {BA3DD34C-04B7-40D0-B373-9329AA9E8945}
		{642BC75D-ABAF-403E-8224-7C725FD4CB42} = {642BC75D-ABAF-403E-8224-7C725FD4CB42}
		{0303A585-3F83-4BB7-AF6B-1E12C8FB54AC} = {0303A585-3F83-4BB7-AF6B-1E12C8FB54AC}
	EndProjectSection
EndProject
Project("{8BC9CEB8-8B4A-11D0-8D11-00A0C91BC942}") = "dlb", "dlb\dlb.vcxproj", "{0303A585-3F83-4BB7-AF6B-1E12C8FB54AC}"
	ProjectSection(ProjectDependencies) = postProject
		{63F9B82B-F589-4082-ABE5-D4F0682050AB} = {63F9B82B-F589-4082-ABE5-D4F0682050AB}
		{BA3DD34C-04B7-40D0-B373-9329AA9E8945} = {BA3DD34C-04B7-40D0-B373-9329AA9E8945}
	EndProjectSection
EndProject
Project("{8BC9CEB8-8B4A-11D0-8D11-00A0C91BC942}") = "makedefs", "makedefs\makedefs.vcxproj", "{BA3DD34C-04B7-40D0-B373-9329AA9E8945}"
EndProject
Project("{8BC9CEB8-8B4A-11D0-8D11-00A0C91BC942}") = "recover", "recover\recover.vcxproj", "{2F35F228-6733-4FE5-9B46-B3AA10D4BC2E}"
EndProject
Project("{8BC9CEB8-8B4A-11D0-8D11-00A0C91BC942}") = "tile2bmp", "tile2bmp\tile2bmp.vcxproj", "{642BC75D-ABAF-403E-8224-7C725FD4CB42}"
	ProjectSection(ProjectDependencies) = postProject
		{BA3DD34C-04B7-40D0-B373-9329AA9E8945} = {BA3DD34C-04B7-40D0-B373-9329AA9E8945}
	EndProjectSection
EndProject
Project("{8BC9CEB8-8B4A-11D0-8D11-00A0C91BC942}") = "tilemap", "tilemap\tilemap.vcxproj", "{93F10526-209E-41D7-BBEA-775787876895}"
	ProjectSection(ProjectDependencies) = postProject
		{BA3DD34C-04B7-40D0-B373-9329AA9E8945} = {BA3DD34C-04B7-40D0-B373-9329AA9E8945}
	EndProjectSection
EndProject
Project("{8BC9CEB8-8B4A-11D0-8D11-00A0C91BC942}") = "uudecode", "uudecode\uudecode.vcxproj", "{63F9B82B-F589-4082-ABE5-D4F0682050AB}"
	ProjectSection(ProjectDependencies) = postProject
		{BA3DD34C-04B7-40D0-B373-9329AA9E8945} = {BA3DD34C-04B7-40D0-B373-9329AA9E8945}
	EndProjectSection
EndProject
Project("{8BC9CEB8-8B4A-11D0-8D11-00A0C91BC942}") = "NetHack", "NetHack\NetHack.vcxproj", "{609BC774-C6F8-4B2B-AA7D-5B3D0EA95751}"
	ProjectSection(ProjectDependencies) = postProject
		{63F9B82B-F589-4082-ABE5-D4F0682050AB} = {63F9B82B-F589-4082-ABE5-D4F0682050AB}
		{BA3DD34C-04B7-40D0-B373-9329AA9E8945} = {BA3DD34C-04B7-40D0-B373-9329AA9E8945}
		{0303A585-3F83-4BB7-AF6B-1E12C8FB54AC} = {0303A585-3F83-4BB7-AF6B-1E12C8FB54AC}
	EndProjectSection
EndProject
Project("{8BC9CEB8-8B4A-11D0-8D11-00A0C91BC942}") = "PDCurses", "PDCurses\PDCurses.vcxproj", "{BAA70D0F-3EC7-4D10-91F0-974F1F49308B}"
EndProject
Project("{2150E333-8FDC-42A3-9474-1A3956D46DE8}") = "Solution Items", "Solution Items", "{477BF231-48E0-4312-AA12-9D8576215489}"
	ProjectSection(SolutionItems) = preProject
		NetHackProperties.props = NetHackProperties.props
	EndProjectSection
EndProject
Project("{C7167F0D-BC9F-4E6E-AFE1-012C56B48DB5}") = "NetHackPackage", "NetHackPackage.wapproj", "{6838EC9D-F25D-4779-9CD7-2EDB61E49429}"
EndProject
Global
	GlobalSection(SolutionConfigurationPlatforms) = preSolution
		Debug|Win32 = Debug|Win32
		Debug|x64 = Debug|x64
		Release|Win32 = Release|Win32
		Release|x64 = Release|x64
	EndGlobalSection
	GlobalSection(ProjectConfigurationPlatforms) = postSolution
		{CEC5D360-8804-454F-8591-002184C23499}.Debug|Win32.ActiveCfg = Debug|Win32
		{CEC5D360-8804-454F-8591-002184C23499}.Debug|Win32.Build.0 = Debug|Win32
		{CEC5D360-8804-454F-8591-002184C23499}.Debug|x64.ActiveCfg = Debug|x64
		{CEC5D360-8804-454F-8591-002184C23499}.Debug|x64.Build.0 = Debug|x64
		{CEC5D360-8804-454F-8591-002184C23499}.Release|Win32.ActiveCfg = Release|Win32
		{CEC5D360-8804-454F-8591-002184C23499}.Release|Win32.Build.0 = Release|Win32
		{CEC5D360-8804-454F-8591-002184C23499}.Release|x64.ActiveCfg = Release|x64
		{CEC5D360-8804-454F-8591-002184C23499}.Release|x64.Build.0 = Release|x64
		{0303A585-3F83-4BB7-AF6B-1E12C8FB54AC}.Debug|Win32.ActiveCfg = Debug|Win32
		{0303A585-3F83-4BB7-AF6B-1E12C8FB54AC}.Debug|Win32.Build.0 = Debug|Win32
		{0303A585-3F83-4BB7-AF6B-1E12C8FB54AC}.Debug|x64.ActiveCfg = Debug|x64
		{0303A585-3F83-4BB7-AF6B-1E12C8FB54AC}.Debug|x64.Build.0 = Debug|x64
		{0303A585-3F83-4BB7-AF6B-1E12C8FB54AC}.Release|Win32.ActiveCfg = Release|Win32
		{0303A585-3F83-4BB7-AF6B-1E12C8FB54AC}.Release|Win32.Build.0 = Release|Win32
		{0303A585-3F83-4BB7-AF6B-1E12C8FB54AC}.Release|x64.ActiveCfg = Release|x64
		{0303A585-3F83-4BB7-AF6B-1E12C8FB54AC}.Release|x64.Build.0 = Release|x64
		{BA3DD34C-04B7-40D0-B373-9329AA9E8945}.Debug|Win32.ActiveCfg = Debug|Win32
		{BA3DD34C-04B7-40D0-B373-9329AA9E8945}.Debug|Win32.Build.0 = Debug|Win32
		{BA3DD34C-04B7-40D0-B373-9329AA9E8945}.Debug|x64.ActiveCfg = Debug|x64
		{BA3DD34C-04B7-40D0-B373-9329AA9E8945}.Debug|x64.Build.0 = Debug|x64
		{BA3DD34C-04B7-40D0-B373-9329AA9E8945}.Release|Win32.ActiveCfg = Release|Win32
		{BA3DD34C-04B7-40D0-B373-9329AA9E8945}.Release|Win32.Build.0 = Release|Win32
		{BA3DD34C-04B7-40D0-B373-9329AA9E8945}.Release|x64.ActiveCfg = Release|x64
		{BA3DD34C-04B7-40D0-B373-9329AA9E8945}.Release|x64.Build.0 = Release|x64
		{2F35F228-6733-4FE5-9B46-B3AA10D4BC2E}.Debug|Win32.ActiveCfg = Debug|Win32
		{2F35F228-6733-4FE5-9B46-B3AA10D4BC2E}.Debug|Win32.Build.0 = Debug|Win32
		{2F35F228-6733-4FE5-9B46-B3AA10D4BC2E}.Debug|x64.ActiveCfg = Debug|x64
		{2F35F228-6733-4FE5-9B46-B3AA10D4BC2E}.Debug|x64.Build.0 = Debug|x64
		{2F35F228-6733-4FE5-9B46-B3AA10D4BC2E}.Release|Win32.ActiveCfg = Release|Win32
		{2F35F228-6733-4FE5-9B46-B3AA10D4BC2E}.Release|Win32.Build.0 = Release|Win32
		{2F35F228-6733-4FE5-9B46-B3AA10D4BC2E}.Release|x64.ActiveCfg = Release|x64
		{2F35F228-6733-4FE5-9B46-B3AA10D4BC2E}.Release|x64.Build.0 = Release|x64
		{642BC75D-ABAF-403E-8224-7C725FD4CB42}.Debug|Win32.ActiveCfg = Debug|Win32
		{642BC75D-ABAF-403E-8224-7C725FD4CB42}.Debug|Win32.Build.0 = Debug|Win32
		{642BC75D-ABAF-403E-8224-7C725FD4CB42}.Debug|x64.ActiveCfg = Debug|x64
		{642BC75D-ABAF-403E-8224-7C725FD4CB42}.Debug|x64.Build.0 = Debug|x64
		{642BC75D-ABAF-403E-8224-7C725FD4CB42}.Release|Win32.ActiveCfg = Release|Win32
		{642BC75D-ABAF-403E-8224-7C725FD4CB42}.Release|Win32.Build.0 = Release|Win32
		{642BC75D-ABAF-403E-8224-7C725FD4CB42}.Release|x64.ActiveCfg = Release|x64
		{642BC75D-ABAF-403E-8224-7C725FD4CB42}.Release|x64.Build.0 = Release|x64
		{93F10526-209E-41D7-BBEA-775787876895}.Debug|Win32.ActiveCfg = Debug|Win32
		{93F10526-209E-41D7-BBEA-775787876895}.Debug|Win32.Build.0 = Debug|Win32
		{93F10526-209E-41D7-BBEA-775787876895}.Debug|x64.ActiveCfg = Debug|x64
		{93F10526-209E-41D7-BBEA-775787876895}.Debug|x64.Build.0 = Debug|x64
		{93F10526-209E-41D7-BBEA-775787876895}.Release|Win32.ActiveCfg = Release|Win32
		{93F10526-209E-41D7-BBEA-775787876895}.Release|Win32.Build.0 = Release|Win32
		{93F10526-209E-41D7-BBEA-775787876895}.Release|x64.ActiveCfg = Release|x64
		{93F10526-209E-41D7-BBEA-775787876895}.Release|x64.Build.0 = Release|x64
		{63F9B82B-F589-4082-ABE5-D4F0682050AB}.Debug|Win32.ActiveCfg = Debug|Win32
		{63F9B82B-F589-4082-ABE5-D4F0682050AB}.Debug|Win32.Build.0 = Debug|Win32
		{63F9B82B-F589-4082-ABE5-D4F0682050AB}.Debug|x64.ActiveCfg = Debug|x64
		{63F9B82B-F589-4082-ABE5-D4F0682050AB}.Debug|x64.Build.0 = Debug|x64
		{63F9B82B-F589-4082-ABE5-D4F0682050AB}.Release|Win32.ActiveCfg = Release|Win32
		{63F9B82B-F589-4082-ABE5-D4F0682050AB}.Release|Win32.Build.0 = Release|Win32
		{63F9B82B-F589-4082-ABE5-D4F0682050AB}.Release|x64.ActiveCfg = Release|x64
		{63F9B82B-F589-4082-ABE5-D4F0682050AB}.Release|x64.Build.0 = Release|x64
		{609BC774-C6F8-4B2B-AA7D-5B3D0EA95751}.Debug|Win32.ActiveCfg = Debug|Win32
		{609BC774-C6F8-4B2B-AA7D-5B3D0EA95751}.Debug|Win32.Build.0 = Debug|Win32
		{609BC774-C6F8-4B2B-AA7D-5B3D0EA95751}.Debug|x64.ActiveCfg = Debug|x64
		{609BC774-C6F8-4B2B-AA7D-5B3D0EA95751}.Debug|x64.Build.0 = Debug|x64
		{609BC774-C6F8-4B2B-AA7D-5B3D0EA95751}.Release|Win32.ActiveCfg = Release|Win32
		{609BC774-C6F8-4B2B-AA7D-5B3D0EA95751}.Release|Win32.Build.0 = Release|Win32
		{609BC774-C6F8-4B2B-AA7D-5B3D0EA95751}.Release|x64.ActiveCfg = Release|x64
		{609BC774-C6F8-4B2B-AA7D-5B3D0EA95751}.Release|x64.Build.0 = Release|x64
		{BAA70D0F-3EC7-4D10-91F0-974F1F49308B}.Debug|Win32.ActiveCfg = Debug|Win32
		{BAA70D0F-3EC7-4D10-91F0-974F1F49308B}.Debug|Win32.Build.0 = Debug|Win32
		{BAA70D0F-3EC7-4D10-91F0-974F1F49308B}.Debug|x64.ActiveCfg = Debug|x64
		{BAA70D0F-3EC7-4D10-91F0-974F1F49308B}.Debug|x64.Build.0 = Debug|x64
		{BAA70D0F-3EC7-4D10-91F0-974F1F49308B}.Release|Win32.ActiveCfg = Release|Win32
		{BAA70D0F-3EC7-4D10-91F0-974F1F49308B}.Release|Win32.Build.0 = Release|Win32
		{BAA70D0F-3EC7-4D10-91F0-974F1F49308B}.Release|x64.ActiveCfg = Release|x64
		{BAA70D0F-3EC7-4D10-91F0-974F1F49308B}.Release|x64.Build.0 = Release|x64
		{6838EC9D-F25D-4779-9CD7-2EDB61E49429}.Debug|Win32.ActiveCfg = Debug|Win32
		{6838EC9D-F25D-4779-9CD7-2EDB61E49429}.Debug|Win32.Build.0 = Debug|Win32
		{6838EC9D-F25D-4779-9CD7-2EDB61E49429}.Debug|Win32.Deploy.0 = Debug|Win32
		{6838EC9D-F25D-4779-9CD7-2EDB61E49429}.Debug|x64.ActiveCfg = Debug|x64
		{6838EC9D-F25D-4779-9CD7-2EDB61E49429}.Debug|x64.Build.0 = Debug|x64
		{6838EC9D-F25D-4779-9CD7-2EDB61E49429}.Debug|x64.Deploy.0 = Debug|x64
		{6838EC9D-F25D-4779-9CD7-2EDB61E49429}.Release|Win32.ActiveCfg = Release|Win32
		{6838EC9D-F25D-4779-9CD7-2EDB61E49429}.Release|Win32.Build.0 = Release|Win32
		{6838EC9D-F25D-4779-9CD7-2EDB61E49429}.Release|Win32.Deploy.0 = Release|Win32
		{6838EC9D-F25D-4779-9CD7-2EDB61E49429}.Release|x64.ActiveCfg = Release|x64
		{6838EC9D-F25D-4779-9CD7-2EDB61E49429}.Release|x64.Build.0 = Release|x64
		{6838EC9D-F25D-4779-9CD7-2EDB61E49429}.Release|x64.Deploy.0 = Release|x64
	EndGlobalSection
	GlobalSection(SolutionProperties) = preSolution
		HideSolutionNode = FALSE
	EndGlobalSection
	GlobalSection(ExtensibilityGlobals) = postSolution
		SolutionGuid = {6DF8F690-552A-4329-8FAB-DD447071A473}
	EndGlobalSection
EndGlobal
