
Microsoft Visual Studio Solution File, Format Version 12.00
# Visual Studio 14
VisualStudioVersion = 14.0.25123.0
MinimumVisualStudioVersion = 10.0.40219.1
Project("{8BC9CEB8-8B4A-11D0-8D11-00A0C91BC942}") = "makedefs", "makedefs.vcxproj", "{58F8A2AF-68E2-4752-B838-2AA4EB156BE6}"
EndProject
Project("{8BC9CEB8-8B4A-11D0-8D11-00A0C91BC942}") = "levcomp", "levcomp.vcxproj", "{E8B2EF2A-3BD7-4932-826A-B4A40142F952}"
	ProjectSection(ProjectDependencies) = postProject
		{58F8A2AF-68E2-4752-B838-2AA4EB156BE6} = {58F8A2AF-68E2-4752-B838-2AA4EB156BE6}
	EndProjectSection
EndProject
Project("{8BC9CEB8-8B4A-11D0-8D11-00A0C91BC942}") = "dgncomp", "dgncomp.vcxproj", "{22166E43-09C2-4473-BF97-91B313617DB4}"
	ProjectSection(ProjectDependencies) = postProject
		{58F8A2AF-68E2-4752-B838-2AA4EB156BE6} = {58F8A2AF-68E2-4752-B838-2AA4EB156BE6}
	EndProjectSection
EndProject
Project("{8BC9CEB8-8B4A-11D0-8D11-00A0C91BC942}") = "tile2bmp", "tile2bmp.vcxproj", "{A08826B8-24AA-436E-9AED-466014132441}"
	ProjectSection(ProjectDependencies) = postProject
		{58F8A2AF-68E2-4752-B838-2AA4EB156BE6} = {58F8A2AF-68E2-4752-B838-2AA4EB156BE6}
	EndProjectSection
EndProject
Project("{8BC9CEB8-8B4A-11D0-8D11-00A0C91BC942}") = "uudecode", "uudecode.vcxproj", "{0F9D039F-AB6B-4C0A-996C-40B1C23CCE15}"
EndProject
Project("{8BC9CEB8-8B4A-11D0-8D11-00A0C91BC942}") = "tilemap", "tilemap.vcxproj", "{46B88450-DBA2-4F5B-837A-9B2708CA860C}"
	ProjectSection(ProjectDependencies) = postProject
		{58F8A2AF-68E2-4752-B838-2AA4EB156BE6} = {58F8A2AF-68E2-4752-B838-2AA4EB156BE6}
	EndProjectSection
EndProject
Project("{8BC9CEB8-8B4A-11D0-8D11-00A0C91BC942}") = "nethack", "nethack.vcxproj", "{58CD8342-F838-4263-88E2-B64383F05AA9}"
	ProjectSection(ProjectDependencies) = postProject
		{E8B2EF2A-3BD7-4932-826A-B4A40142F952} = {E8B2EF2A-3BD7-4932-826A-B4A40142F952}
		{22166E43-09C2-4473-BF97-91B313617DB4} = {22166E43-09C2-4473-BF97-91B313617DB4}
		{46B88450-DBA2-4F5B-837A-9B2708CA860C} = {46B88450-DBA2-4F5B-837A-9B2708CA860C}
		{E54B0D69-AC69-4EEA-AF82-979492BB5F48} = {E54B0D69-AC69-4EEA-AF82-979492BB5F48}
		{0F9D039F-AB6B-4C0A-996C-40B1C23CCE15} = {0F9D039F-AB6B-4C0A-996C-40B1C23CCE15}
		{C391E5AA-7AB2-4C3C-810F-A19801B434BE} = {C391E5AA-7AB2-4C3C-810F-A19801B434BE}
		{58F8A2AF-68E2-4752-B838-2AA4EB156BE6} = {58F8A2AF-68E2-4752-B838-2AA4EB156BE6}
		{A08826B8-24AA-436E-9AED-466014132441} = {A08826B8-24AA-436E-9AED-466014132441}
	EndProjectSection
EndProject
Project("{8BC9CEB8-8B4A-11D0-8D11-00A0C91BC942}") = "dlb", "dlb.vcxproj", "{E54B0D69-AC69-4EEA-AF82-979492BB5F48}"
	ProjectSection(ProjectDependencies) = postProject
		{E8B2EF2A-3BD7-4932-826A-B4A40142F952} = {E8B2EF2A-3BD7-4932-826A-B4A40142F952}
		{22166E43-09C2-4473-BF97-91B313617DB4} = {22166E43-09C2-4473-BF97-91B313617DB4}
		{46B88450-DBA2-4F5B-837A-9B2708CA860C} = {46B88450-DBA2-4F5B-837A-9B2708CA860C}
		{0F9D039F-AB6B-4C0A-996C-40B1C23CCE15} = {0F9D039F-AB6B-4C0A-996C-40B1C23CCE15}
		{58F8A2AF-68E2-4752-B838-2AA4EB156BE6} = {58F8A2AF-68E2-4752-B838-2AA4EB156BE6}
		{A08826B8-24AA-436E-9AED-466014132441} = {A08826B8-24AA-436E-9AED-466014132441}
	EndProjectSection
EndProject
Project("{8BC9CEB8-8B4A-11D0-8D11-00A0C91BC942}") = "nhdefkey", "nhdefkey.vcxproj", "{C391E5AA-7AB2-4C3C-810F-A19801B434BE}"
	ProjectSection(ProjectDependencies) = postProject
		{58F8A2AF-68E2-4752-B838-2AA4EB156BE6} = {58F8A2AF-68E2-4752-B838-2AA4EB156BE6}
	EndProjectSection
EndProject
Project("{8BC9CEB8-8B4A-11D0-8D11-00A0C91BC942}") = "nethackw", "nethackw.vcxproj", "{6C26C7E6-A8EB-45B7-987D-44194CF2BA1E}"
	ProjectSection(ProjectDependencies) = postProject
		{E8B2EF2A-3BD7-4932-826A-B4A40142F952} = {E8B2EF2A-3BD7-4932-826A-B4A40142F952}
		{22166E43-09C2-4473-BF97-91B313617DB4} = {22166E43-09C2-4473-BF97-91B313617DB4}
		{46B88450-DBA2-4F5B-837A-9B2708CA860C} = {46B88450-DBA2-4F5B-837A-9B2708CA860C}
		{E54B0D69-AC69-4EEA-AF82-979492BB5F48} = {E54B0D69-AC69-4EEA-AF82-979492BB5F48}
		{0F9D039F-AB6B-4C0A-996C-40B1C23CCE15} = {0F9D039F-AB6B-4C0A-996C-40B1C23CCE15}
		{C391E5AA-7AB2-4C3C-810F-A19801B434BE} = {C391E5AA-7AB2-4C3C-810F-A19801B434BE}
		{58F8A2AF-68E2-4752-B838-2AA4EB156BE6} = {58F8A2AF-68E2-4752-B838-2AA4EB156BE6}
		{A08826B8-24AA-436E-9AED-466014132441} = {A08826B8-24AA-436E-9AED-466014132441}
	EndProjectSection
EndProject
Project("{8BC9CEB8-8B4A-11D0-8D11-00A0C91BC942}") = "nhraykey", "nhraykey.vcxproj", "{BFCB7086-8BE3-4800-97A3-350C81C160E6}"
	ProjectSection(ProjectDependencies) = postProject
		{58F8A2AF-68E2-4752-B838-2AA4EB156BE6} = {58F8A2AF-68E2-4752-B838-2AA4EB156BE6}
	EndProjectSection
EndProject
Project("{8BC9CEB8-8B4A-11D0-8D11-00A0C91BC942}") = "nh340key", "nh340key.vcxproj", "{B9257B7F-74C2-4FC4-9656-D9AEE403F7CE}"
	ProjectSection(ProjectDependencies) = postProject
		{58F8A2AF-68E2-4752-B838-2AA4EB156BE6} = {58F8A2AF-68E2-4752-B838-2AA4EB156BE6}
	EndProjectSection
EndProject
Global
	GlobalSection(SolutionConfigurationPlatforms) = preSolution
		Debug|Win32 = Debug|Win32
		Release|Win32 = Release|Win32
	EndGlobalSection
	GlobalSection(ProjectConfigurationPlatforms) = postSolution
		{58F8A2AF-68E2-4752-B838-2AA4EB156BE6}.Debug|Win32.ActiveCfg = Debug|Win32
		{58F8A2AF-68E2-4752-B838-2AA4EB156BE6}.Debug|Win32.Build.0 = Debug|Win32
		{58F8A2AF-68E2-4752-B838-2AA4EB156BE6}.Release|Win32.ActiveCfg = Release|Win32
		{58F8A2AF-68E2-4752-B838-2AA4EB156BE6}.Release|Win32.Build.0 = Release|Win32
		{E8B2EF2A-3BD7-4932-826A-B4A40142F952}.Debug|Win32.ActiveCfg = Debug|Win32
		{E8B2EF2A-3BD7-4932-826A-B4A40142F952}.Debug|Win32.Build.0 = Debug|Win32
		{E8B2EF2A-3BD7-4932-826A-B4A40142F952}.Release|Win32.ActiveCfg = Release|Win32
		{E8B2EF2A-3BD7-4932-826A-B4A40142F952}.Release|Win32.Build.0 = Release|Win32
		{22166E43-09C2-4473-BF97-91B313617DB4}.Debug|Win32.ActiveCfg = Debug|Win32
		{22166E43-09C2-4473-BF97-91B313617DB4}.Debug|Win32.Build.0 = Debug|Win32
		{22166E43-09C2-4473-BF97-91B313617DB4}.Release|Win32.ActiveCfg = Release|Win32
		{22166E43-09C2-4473-BF97-91B313617DB4}.Release|Win32.Build.0 = Release|Win32
		{A08826B8-24AA-436E-9AED-466014132441}.Debug|Win32.ActiveCfg = Debug|Win32
		{A08826B8-24AA-436E-9AED-466014132441}.Debug|Win32.Build.0 = Debug|Win32
		{A08826B8-24AA-436E-9AED-466014132441}.Release|Win32.ActiveCfg = Release|Win32
		{A08826B8-24AA-436E-9AED-466014132441}.Release|Win32.Build.0 = Release|Win32
		{0F9D039F-AB6B-4C0A-996C-40B1C23CCE15}.Debug|Win32.ActiveCfg = Debug|Win32
		{0F9D039F-AB6B-4C0A-996C-40B1C23CCE15}.Debug|Win32.Build.0 = Debug|Win32
		{0F9D039F-AB6B-4C0A-996C-40B1C23CCE15}.Release|Win32.ActiveCfg = Release|Win32
		{0F9D039F-AB6B-4C0A-996C-40B1C23CCE15}.Release|Win32.Build.0 = Release|Win32
		{46B88450-DBA2-4F5B-837A-9B2708CA860C}.Debug|Win32.ActiveCfg = Debug|Win32
		{46B88450-DBA2-4F5B-837A-9B2708CA860C}.Debug|Win32.Build.0 = Debug|Win32
		{46B88450-DBA2-4F5B-837A-9B2708CA860C}.Release|Win32.ActiveCfg = Release|Win32
		{46B88450-DBA2-4F5B-837A-9B2708CA860C}.Release|Win32.Build.0 = Release|Win32
		{58CD8342-F838-4263-88E2-B64383F05AA9}.Debug|Win32.ActiveCfg = Debug|Win32
		{58CD8342-F838-4263-88E2-B64383F05AA9}.Debug|Win32.Build.0 = Debug|Win32
		{58CD8342-F838-4263-88E2-B64383F05AA9}.Release|Win32.ActiveCfg = Release|Win32
		{58CD8342-F838-4263-88E2-B64383F05AA9}.Release|Win32.Build.0 = Release|Win32
		{E54B0D69-AC69-4EEA-AF82-979492BB5F48}.Debug|Win32.ActiveCfg = Debug|Win32
		{E54B0D69-AC69-4EEA-AF82-979492BB5F48}.Debug|Win32.Build.0 = Debug|Win32
		{E54B0D69-AC69-4EEA-AF82-979492BB5F48}.Release|Win32.ActiveCfg = Release|Win32
		{E54B0D69-AC69-4EEA-AF82-979492BB5F48}.Release|Win32.Build.0 = Release|Win32
		{C391E5AA-7AB2-4C3C-810F-A19801B434BE}.Debug|Win32.ActiveCfg = Debug|Win32
		{C391E5AA-7AB2-4C3C-810F-A19801B434BE}.Debug|Win32.Build.0 = Debug|Win32
		{C391E5AA-7AB2-4C3C-810F-A19801B434BE}.Release|Win32.ActiveCfg = Release|Win32
		{C391E5AA-7AB2-4C3C-810F-A19801B434BE}.Release|Win32.Build.0 = Release|Win32
		{6C26C7E6-A8EB-45B7-987D-44194CF2BA1E}.Debug|Win32.ActiveCfg = Debug|Win32
		{6C26C7E6-A8EB-45B7-987D-44194CF2BA1E}.Debug|Win32.Build.0 = Debug|Win32
		{6C26C7E6-A8EB-45B7-987D-44194CF2BA1E}.Release|Win32.ActiveCfg = Release|Win32
		{6C26C7E6-A8EB-45B7-987D-44194CF2BA1E}.Release|Win32.Build.0 = Release|Win32
		{BFCB7086-8BE3-4800-97A3-350C81C160E6}.Debug|Win32.ActiveCfg = Debug|Win32
		{BFCB7086-8BE3-4800-97A3-350C81C160E6}.Debug|Win32.Build.0 = Debug|Win32
		{BFCB7086-8BE3-4800-97A3-350C81C160E6}.Release|Win32.ActiveCfg = Release|Win32
		{BFCB7086-8BE3-4800-97A3-350C81C160E6}.Release|Win32.Build.0 = Release|Win32
		{B9257B7F-74C2-4FC4-9656-D9AEE403F7CE}.Debug|Win32.ActiveCfg = Debug|Win32
		{B9257B7F-74C2-4FC4-9656-D9AEE403F7CE}.Debug|Win32.Build.0 = Debug|Win32
		{B9257B7F-74C2-4FC4-9656-D9AEE403F7CE}.Release|Win32.ActiveCfg = Release|Win32
		{B9257B7F-74C2-4FC4-9656-D9AEE403F7CE}.Release|Win32.Build.0 = Release|Win32
	EndGlobalSection
	GlobalSection(SolutionProperties) = preSolution
		HideSolutionNode = FALSE
	EndGlobalSection
EndGlobal
